
Microsoft Visual Studio Solution File, Format Version 12.00
# Visual Studio Version 16
VisualStudioVersion = 16.0.29613.14
MinimumVisualStudioVersion = 10.0.40219.1
Project("{9A19103F-16F7-4668-BE54-9A1E7A4F7556}") = "Operations", "Operations\Operations.csproj", "{2617D10C-75FC-4989-AFA5-51000A511446}"
EndProject
Project("{9A19103F-16F7-4668-BE54-9A1E7A4F7556}") = "OperationsTests", "OperationsTests\OperationsTests.csproj", "{8C57DB59-CA99-4E17-89BB-3A06864115DD}"
EndProject
Project("{9A19103F-16F7-4668-BE54-9A1E7A4F7556}") = "BasicCalculator", "BasicCalculator\BasicCalculator.csproj", "{42204128-ACF3-4E3D-B180-7F307800E0D5}"
EndProject
Project("{9A19103F-16F7-4668-BE54-9A1E7A4F7556}") = "BasicCalculatorTests", "BasicCalculatorTests\BasicCalculatorTests.csproj", "{67CD234B-41EC-43FD-9B28-B83A11016D20}"
EndProject
Project("{9A19103F-16F7-4668-BE54-9A1E7A4F7556}") = "Add", "Sum\Add.csproj", "{809A383B-78DA-4A1E-AE20-B21FC387A1E5}"
EndProject
Project("{9A19103F-16F7-4668-BE54-9A1E7A4F7556}") = "Divide", "Divide\Divide.csproj", "{65277D78-DE35-4AFF-9025-8B2201DDA525}"
EndProject
Project("{9A19103F-16F7-4668-BE54-9A1E7A4F7556}") = "Subtract", "Subtract\Subtract.csproj", "{EBF826C3-85F0-4D8A-B5C8-7AC7446891F7}"
EndProject
Project("{9A19103F-16F7-4668-BE54-9A1E7A4F7556}") = "Multiply", "Multiply\Multiply.csproj", "{8CF3AC47-1674-417E-9AC1-C603422287E7}"
EndProject
Project("{9A19103F-16F7-4668-BE54-9A1E7A4F7556}") = "Square", "Square\Square.csproj", "{E936F914-41A1-4F11-AB25-CE5860E3D251}"
EndProject
Project("{9A19103F-16F7-4668-BE54-9A1E7A4F7556}") = "StatisticsCalculator", "StatisticsCalculator\StatisticsCalculator.csproj", "{2DD6B2E1-7B6F-41B6-BE5A-FA6D29F4838B}"
EndProject
Project("{FAE04EC0-301F-11D3-BF4B-00C04F79EFBC}") = "StatisticsCalculatorTests", "StatisticsCalculatorTests\StatisticsCalculatorTests.csproj", "{0C897AAB-D95C-4363-BA19-CDB398B1FB08}"
EndProject
Global
	GlobalSection(SolutionConfigurationPlatforms) = preSolution
		Debug|Any CPU = Debug|Any CPU
		Release|Any CPU = Release|Any CPU
	EndGlobalSection
	GlobalSection(ProjectConfigurationPlatforms) = postSolution
		{2617D10C-75FC-4989-AFA5-51000A511446}.Debug|Any CPU.ActiveCfg = Debug|Any CPU
		{2617D10C-75FC-4989-AFA5-51000A511446}.Debug|Any CPU.Build.0 = Debug|Any CPU
		{2617D10C-75FC-4989-AFA5-51000A511446}.Release|Any CPU.ActiveCfg = Release|Any CPU
		{2617D10C-75FC-4989-AFA5-51000A511446}.Release|Any CPU.Build.0 = Release|Any CPU
		{8C57DB59-CA99-4E17-89BB-3A06864115DD}.Debug|Any CPU.ActiveCfg = Debug|Any CPU
		{8C57DB59-CA99-4E17-89BB-3A06864115DD}.Debug|Any CPU.Build.0 = Debug|Any CPU
		{8C57DB59-CA99-4E17-89BB-3A06864115DD}.Release|Any CPU.ActiveCfg = Release|Any CPU
		{8C57DB59-CA99-4E17-89BB-3A06864115DD}.Release|Any CPU.Build.0 = Release|Any CPU
		{42204128-ACF3-4E3D-B180-7F307800E0D5}.Debug|Any CPU.ActiveCfg = Debug|Any CPU
		{42204128-ACF3-4E3D-B180-7F307800E0D5}.Debug|Any CPU.Build.0 = Debug|Any CPU
		{42204128-ACF3-4E3D-B180-7F307800E0D5}.Release|Any CPU.ActiveCfg = Release|Any CPU
		{42204128-ACF3-4E3D-B180-7F307800E0D5}.Release|Any CPU.Build.0 = Release|Any CPU
		{67CD234B-41EC-43FD-9B28-B83A11016D20}.Debug|Any CPU.ActiveCfg = Debug|Any CPU
		{67CD234B-41EC-43FD-9B28-B83A11016D20}.Debug|Any CPU.Build.0 = Debug|Any CPU
		{67CD234B-41EC-43FD-9B28-B83A11016D20}.Release|Any CPU.ActiveCfg = Release|Any CPU
		{67CD234B-41EC-43FD-9B28-B83A11016D20}.Release|Any CPU.Build.0 = Release|Any CPU
		{809A383B-78DA-4A1E-AE20-B21FC387A1E5}.Debug|Any CPU.ActiveCfg = Debug|Any CPU
		{809A383B-78DA-4A1E-AE20-B21FC387A1E5}.Debug|Any CPU.Build.0 = Debug|Any CPU
		{809A383B-78DA-4A1E-AE20-B21FC387A1E5}.Release|Any CPU.ActiveCfg = Release|Any CPU
		{809A383B-78DA-4A1E-AE20-B21FC387A1E5}.Release|Any CPU.Build.0 = Release|Any CPU
		{65277D78-DE35-4AFF-9025-8B2201DDA525}.Debug|Any CPU.ActiveCfg = Debug|Any CPU
		{65277D78-DE35-4AFF-9025-8B2201DDA525}.Debug|Any CPU.Build.0 = Debug|Any CPU
		{65277D78-DE35-4AFF-9025-8B2201DDA525}.Release|Any CPU.ActiveCfg = Release|Any CPU
		{65277D78-DE35-4AFF-9025-8B2201DDA525}.Release|Any CPU.Build.0 = Release|Any CPU
		{EBF826C3-85F0-4D8A-B5C8-7AC7446891F7}.Debug|Any CPU.ActiveCfg = Debug|Any CPU
		{EBF826C3-85F0-4D8A-B5C8-7AC7446891F7}.Debug|Any CPU.Build.0 = Debug|Any CPU
		{EBF826C3-85F0-4D8A-B5C8-7AC7446891F7}.Release|Any CPU.ActiveCfg = Release|Any CPU
		{EBF826C3-85F0-4D8A-B5C8-7AC7446891F7}.Release|Any CPU.Build.0 = Release|Any CPU
		{8CF3AC47-1674-417E-9AC1-C603422287E7}.Debug|Any CPU.ActiveCfg = Debug|Any CPU
		{8CF3AC47-1674-417E-9AC1-C603422287E7}.Debug|Any CPU.Build.0 = Debug|Any CPU
		{8CF3AC47-1674-417E-9AC1-C603422287E7}.Release|Any CPU.ActiveCfg = Release|Any CPU
		{8CF3AC47-1674-417E-9AC1-C603422287E7}.Release|Any CPU.Build.0 = Release|Any CPU
		{E936F914-41A1-4F11-AB25-CE5860E3D251}.Debug|Any CPU.ActiveCfg = Debug|Any CPU
		{E936F914-41A1-4F11-AB25-CE5860E3D251}.Debug|Any CPU.Build.0 = Debug|Any CPU
		{E936F914-41A1-4F11-AB25-CE5860E3D251}.Release|Any CPU.ActiveCfg = Release|Any CPU
		{E936F914-41A1-4F11-AB25-CE5860E3D251}.Release|Any CPU.Build.0 = Release|Any CPU
		{2DD6B2E1-7B6F-41B6-BE5A-FA6D29F4838B}.Debug|Any CPU.ActiveCfg = Debug|Any CPU
		{2DD6B2E1-7B6F-41B6-BE5A-FA6D29F4838B}.Debug|Any CPU.Build.0 = Debug|Any CPU
		{2DD6B2E1-7B6F-41B6-BE5A-FA6D29F4838B}.Release|Any CPU.ActiveCfg = Release|Any CPU
		{2DD6B2E1-7B6F-41B6-BE5A-FA6D29F4838B}.Release|Any CPU.Build.0 = Release|Any CPU
		{0C897AAB-D95C-4363-BA19-CDB398B1FB08}.Debug|Any CPU.ActiveCfg = Debug|Any CPU
		{0C897AAB-D95C-4363-BA19-CDB398B1FB08}.Debug|Any CPU.Build.0 = Debug|Any CPU
		{0C897AAB-D95C-4363-BA19-CDB398B1FB08}.Release|Any CPU.ActiveCfg = Release|Any CPU
		{0C897AAB-D95C-4363-BA19-CDB398B1FB08}.Release|Any CPU.Build.0 = Release|Any CPU
	EndGlobalSection
	GlobalSection(SolutionProperties) = preSolution
		HideSolutionNode = FALSE
	EndGlobalSection
	GlobalSection(ExtensibilityGlobals) = postSolution
		SolutionGuid = {DBE29F81-A531-4349-9CD6-A3737BDB9C3C}
	EndGlobalSection
EndGlobal
